<?xml version="1.0" encoding="utf-8"?>
<Project ToolsVersion="4.0" xmlns="http://schemas.microsoft.com/developer/msbuild/2003">
  <ItemGroup>
    <Filter Include="源文件">
      <UniqueIdentifier>{4FC737F1-C7A5-4376-A066-2A32D752A2FF}</UniqueIdentifier>
      <Extensions>cpp;c;cc;cxx;c++;cppm;ixx;def;odl;idl;hpj;bat;asm;asmx</Extensions>
    </Filter>
    <Filter Include="头文件">
      <UniqueIdentifier>{93995380-89BD-4b04-88EB-625FBE52EBFB}</UniqueIdentifier>
      <Extensions>h;hh;hpp;hxx;h++;hm;inl;inc;ipp;xsd</Extensions>
    </Filter>
    <Filter Include="资源文件">
      <UniqueIdentifier>{67DA6AB6-F800-4c08-8B7A-83BB121AAD01}</UniqueIdentifier>
      <Extensions>rc;ico;cur;bmp;dlg;rc2;rct;bin;rgs;gif;jpg;jpeg;jpe;resx;tiff;tif;png;wav;mfcribbon-ms</Extensions>
    </Filter>
    <Filter Include="源文件\cuda">
      <UniqueIdentifier>{e184bce5-919c-43f5-a790-dbe5893d7ed6}</UniqueIdentifier>
    </Filter>
    <Filter Include="源文件\shader">
      <UniqueIdentifier>{094cfccd-012f-4b7d-9a58-621ce397bf64}</UniqueIdentifier>
    </Filter>
    <Filter Include="源文件\optix">
      <UniqueIdentifier>{eee6ee63-2856-4070-9ada-309ba5cf65d8}</UniqueIdentifier>
    </Filter>
    <Filter Include="源文件\Utils">
      <UniqueIdentifier>{9722b897-d318-4e7d-8306-341425b7e661}</UniqueIdentifier>
    </Filter>
    <Filter Include="源文件\Utils\Math">
      <UniqueIdentifier>{797a7c4e-2844-4e0e-9ca0-a28be0442932}</UniqueIdentifier>
    </Filter>
    <Filter Include="源文件\Core">
      <UniqueIdentifier>{918ff2f9-7c56-4ac3-9f02-e4ccb20d071d}</UniqueIdentifier>
    </Filter>
    <Filter Include="源文件\Core\API">
      <UniqueIdentifier>{d74f7dcd-1223-4ce4-bcd2-1ce2e68f2363}</UniqueIdentifier>
    </Filter>
    <Filter Include="源文件\Passes">
      <UniqueIdentifier>{a8a16364-c5d7-4c4e-91d4-69465e560103}</UniqueIdentifier>
    </Filter>
    <Filter Include="源文件\cuda\SVGF">
      <UniqueIdentifier>{7496df7b-4ad8-4b92-97d3-747b0fe623bf}</UniqueIdentifier>
    </Filter>
    <Filter Include="源文件\cuda\PathTracer">
      <UniqueIdentifier>{da5c6786-3588-4d5a-b081-cfd6858bb1a8}</UniqueIdentifier>
    </Filter>
    <Filter Include="源文件\cuda\MeshViewer">
      <UniqueIdentifier>{7f4bf3fc-681e-48b8-81ce-c67656626a46}</UniqueIdentifier>
    </Filter>
    <Filter Include="源文件\shader\SVGF">
      <UniqueIdentifier>{e2326c98-2aff-4b89-9940-f86b54e1525a}</UniqueIdentifier>
    </Filter>
  </ItemGroup>
  <ItemGroup>
    <ClCompile Include="..\src\glad.c">
      <Filter>源文件</Filter>
    </ClCompile>
    <ClCompile Include="..\src\global.cpp">
      <Filter>源文件</Filter>
    </ClCompile>
    <ClCompile Include="main.cpp">
      <Filter>源文件</Filter>
    </ClCompile>
    <ClCompile Include="..\src\optix\optixUtil.cpp">
      <Filter>源文件\optix</Filter>
    </ClCompile>
    <ClCompile Include="..\src\stdafx.cpp">
      <Filter>源文件</Filter>
    </ClCompile>
    <ClCompile Include="..\src\Utils\Threading.cpp">
      <Filter>源文件\Utils</Filter>
    </ClCompile>
    <ClCompile Include="..\src\optix\optixMesh.cpp">
      <Filter>源文件\optix</Filter>
    </ClCompile>
    <ClCompile Include="..\src\include.cpp">
      <Filter>源文件</Filter>
    </ClCompile>
    <ClCompile Include="..\src\Core\API\Texture.cpp">
      <Filter>源文件\Core\API</Filter>
    </ClCompile>
    <ClCompile Include="..\src\Core\API\FBO.cpp">
      <Filter>源文件\Core\API</Filter>
    </ClCompile>
    <ClCompile Include="..\src\passes\RenderPass.cpp">
      <Filter>源文件\Passes</Filter>
    </ClCompile>
    <ClCompile Include="..\src\mesh.cpp">
      <Filter>源文件</Filter>
    </ClCompile>
    <ClCompile Include="..\src\Passes\FullScreenPass.cpp">
      <Filter>源文件\Passes</Filter>
    </ClCompile>
    <ClCompile Include="..\src\Passes\SVGFPass.cpp">
      <Filter>源文件\Passes</Filter>
    </ClCompile>
  </ItemGroup>
  <ItemGroup>
    <ClInclude Include="cuda\helpers.h">
      <Filter>源文件\cuda</Filter>
    </ClInclude>
    <ClInclude Include="..\src\camera.h">
      <Filter>源文件</Filter>
    </ClInclude>
    <ClInclude Include="..\src\global.h">
      <Filter>源文件</Filter>
    </ClInclude>
    <ClInclude Include="..\src\light.h">
      <Filter>源文件</Filter>
    </ClInclude>
    <ClInclude Include="..\src\mesh.h">
      <Filter>源文件</Filter>
    </ClInclude>
    <ClInclude Include="..\src\model.h">
      <Filter>源文件</Filter>
    </ClInclude>
    <ClInclude Include="..\src\scene.h">
      <Filter>源文件</Filter>
    </ClInclude>
    <ClInclude Include="..\src\shader.h">
      <Filter>源文件</Filter>
    </ClInclude>
    <ClInclude Include="..\src\skybox.h">
      <Filter>源文件</Filter>
    </ClInclude>
    <ClInclude Include="..\src\stb_image.h">
      <Filter>源文件</Filter>
    </ClInclude>
    <ClInclude Include="..\src\optix\optixConfig.h">
      <Filter>源文件\optix</Filter>
    </ClInclude>
    <ClInclude Include="..\src\optix\optixLight.h">
      <Filter>源文件\optix</Filter>
    </ClInclude>
    <ClInclude Include="..\src\optix\optixMesh.h">
      <Filter>源文件\optix</Filter>
    </ClInclude>
    <ClInclude Include="..\src\optix\optixUtil.h">
      <Filter>源文件\optix</Filter>
    </ClInclude>
    <ClInclude Include="..\src\utils\Math\Vector.h">
      <Filter>源文件\Utils\Math</Filter>
    </ClInclude>
    <ClInclude Include="..\src\utils\InternalDictionary.h">
      <Filter>源文件\Utils</Filter>
    </ClInclude>
    <ClInclude Include="..\src\Core\DesperadoConfig.h">
      <Filter>源文件\Core</Filter>
    </ClInclude>
    <ClInclude Include="..\src\Desperado.h">
      <Filter>源文件</Filter>
    </ClInclude>
    <ClInclude Include="..\src\stdafx.h">
      <Filter>源文件</Filter>
    </ClInclude>
    <ClInclude Include="..\src\Core\Framework.h">
      <Filter>源文件\Core</Filter>
    </ClInclude>
    <ClInclude Include="..\src\Utils\Threading.h">
      <Filter>源文件\Utils</Filter>
    </ClInclude>
    <ClInclude Include="..\src\Core\API\Texture.h">
      <Filter>源文件\Core\API</Filter>
    </ClInclude>
    <ClInclude Include="..\src\Core\API\FBO.h">
      <Filter>源文件\Core\API</Filter>
    </ClInclude>
    <ClInclude Include="..\src\passes\RenderPass.h">
      <Filter>源文件\Passes</Filter>
    </ClInclude>
    <ClInclude Include="cuda\PathTracer\optixPathTracer.h">
      <Filter>源文件\cuda\PathTracer</Filter>
    </ClInclude>
    <ClInclude Include="cuda\MeshViewer\phong.h">
      <Filter>源文件\cuda\MeshViewer</Filter>
    </ClInclude>
    <ClInclude Include="cuda\random.h">
      <Filter>源文件\cuda</Filter>
    </ClInclude>
    <ClInclude Include="cuda\SVGF\optixSVGF.h">
      <Filter>源文件\cuda\SVGF</Filter>
    </ClInclude>
    <ClInclude Include="..\src\Passes\FullScreenPass.h">
      <Filter>源文件\Passes</Filter>
    </ClInclude>
    <ClInclude Include="..\src\Passes\SVGFPass.h">
      <Filter>源文件\Passes</Filter>
    </ClInclude>
    <ClInclude Include="cuda\common.h">
      <Filter>源文件\cuda</Filter>
    </ClInclude>
  </ItemGroup>
  <ItemGroup>
    <None Include="cuda\optixGeometryTriangles.cu">
      <Filter>源文件\cuda</Filter>
    </None>
    <None Include="cuda\triangle_mesh.cu">
      <Filter>源文件\cuda</Filter>
    </None>
    <None Include="..\shader\framebuffers_screen.fs">
      <Filter>源文件\shader</Filter>
    </None>
    <None Include="..\shader\framebuffers_screen.vs">
      <Filter>源文件\shader</Filter>
    </None>
    <None Include="cuda\PathTracer\optixPathTracer.cu">
      <Filter>源文件\cuda\PathTracer</Filter>
    </None>
    <None Include="cuda\MeshViewer\phong.cu">
      <Filter>源文件\cuda\MeshViewer</Filter>
    </None>
    <None Include="cuda\MeshViewer\pinhole_camera.cu">
      <Filter>源文件\cuda\MeshViewer</Filter>
    </None>
    <None Include="cuda\parallelogram.cu">
      <Filter>源文件\cuda</Filter>
    </None>
    <None Include="cuda\SVGF\optixSVGF.cu">
      <Filter>源文件\cuda\SVGF</Filter>
    </None>
    <None Include="..\shader\SVGF\SVGFAtrous.fs">
      <Filter>源文件\shader\SVGF</Filter>
    </None>
    <None Include="..\shader\SVGF\SVGFFilterMoments.fs">
      <Filter>源文件\shader\SVGF</Filter>
    </None>
    <None Include="..\shader\SVGF\SVGFFinalModulate.fs">
      <Filter>源文件\shader\SVGF</Filter>
    </None>
    <None Include="..\shader\SVGF\SVGFpackLinearZAndNormal.fs">
      <Filter>源文件\shader\SVGF</Filter>
    </None>
    <None Include="..\shader\SVGF\SVGFReproject.fs">
      <Filter>源文件\shader\SVGF</Filter>
    </None>
  </ItemGroup>
</Project>